
Microsoft Visual Studio Solution File, Format Version 12.00
# Visual Studio Version 16
VisualStudioVersion = 16.0.31829.152
MinimumVisualStudioVersion = 10.0.40219.1
Project("{8BC9CEB8-8B4A-11D0-8D11-00A0C91BC942}") = "OS11_HTAPI", "OS11_HTAPI\OS11_HTAPI.vcxproj", "{BC1C2E2A-5ABE-49A2-B4E1-2984FC5E1306}"
EndProject
Project("{8BC9CEB8-8B4A-11D0-8D11-00A0C91BC942}") = "OS11_CREATE", "OS11_CREATE\OS11_CREATE.vcxproj", "{1E9A7F38-1E03-4E53-88B3-751C96BAE65D}"
EndProject
Project("{8BC9CEB8-8B4A-11D0-8D11-00A0C91BC942}") = "OS11_START", "OS11_START\OS11_START.vcxproj", "{76845805-1C79-4879-968E-66D8EAEFC709}"
EndProject
Project("{8BC9CEB8-8B4A-11D0-8D11-00A0C91BC942}") = "OS11_02", "OS11_02\OS11_02.vcxproj", "{F954480E-F59D-4204-8BD1-AD59B07E2258}"
EndProject
Project("{8BC9CEB8-8B4A-11D0-8D11-00A0C91BC942}") = "OS11_03", "OS11_03\OS11_03.vcxproj", "{284088DF-7579-40B0-B3C6-9957726D9432}"
EndProject
Project("{8BC9CEB8-8B4A-11D0-8D11-00A0C91BC942}") = "OS11_05", "OS11_05\OS11_05.vcxproj", "{8E6D05D6-3178-49A6-8450-DBE7C9737EDF}"
EndProject
Global
	GlobalSection(SolutionConfigurationPlatforms) = preSolution
		Debug|x64 = Debug|x64
		Debug|x86 = Debug|x86
		Release|x64 = Release|x64
		Release|x86 = Release|x86
	EndGlobalSection
	GlobalSection(ProjectConfigurationPlatforms) = postSolution
		{BC1C2E2A-5ABE-49A2-B4E1-2984FC5E1306}.Debug|x64.ActiveCfg = Debug|x64
		{BC1C2E2A-5ABE-49A2-B4E1-2984FC5E1306}.Debug|x64.Build.0 = Debug|x64
		{BC1C2E2A-5ABE-49A2-B4E1-2984FC5E1306}.Debug|x86.ActiveCfg = Debug|Win32
		{BC1C2E2A-5ABE-49A2-B4E1-2984FC5E1306}.Debug|x86.Build.0 = Debug|Win32
		{BC1C2E2A-5ABE-49A2-B4E1-2984FC5E1306}.Release|x64.ActiveCfg = Release|x64
		{BC1C2E2A-5ABE-49A2-B4E1-2984FC5E1306}.Release|x64.Build.0 = Release|x64
		{BC1C2E2A-5ABE-49A2-B4E1-2984FC5E1306}.Release|x86.ActiveCfg = Release|Win32
		{BC1C2E2A-5ABE-49A2-B4E1-2984FC5E1306}.Release|x86.Build.0 = Release|Win32
		{1E9A7F38-1E03-4E53-88B3-751C96BAE65D}.Debug|x64.ActiveCfg = Debug|x64
		{1E9A7F38-1E03-4E53-88B3-751C96BAE65D}.Debug|x64.Build.0 = Debug|x64
		{1E9A7F38-1E03-4E53-88B3-751C96BAE65D}.Debug|x86.ActiveCfg = Debug|Win32
		{1E9A7F38-1E03-4E53-88B3-751C96BAE65D}.Debug|x86.Build.0 = Debug|Win32
		{1E9A7F38-1E03-4E53-88B3-751C96BAE65D}.Release|x64.ActiveCfg = Release|x64
		{1E9A7F38-1E03-4E53-88B3-751C96BAE65D}.Release|x64.Build.0 = Release|x64
		{1E9A7F38-1E03-4E53-88B3-751C96BAE65D}.Release|x86.ActiveCfg = Release|Win32
		{1E9A7F38-1E03-4E53-88B3-751C96BAE65D}.Release|x86.Build.0 = Release|Win32
		{76845805-1C79-4879-968E-66D8EAEFC709}.Debug|x64.ActiveCfg = Debug|x64
		{76845805-1C79-4879-968E-66D8EAEFC709}.Debug|x64.Build.0 = Debug|x64
		{76845805-1C79-4879-968E-66D8EAEFC709}.Debug|x86.ActiveCfg = Debug|Win32
		{76845805-1C79-4879-968E-66D8EAEFC709}.Debug|x86.Build.0 = Debug|Win32
		{76845805-1C79-4879-968E-66D8EAEFC709}.Release|x64.ActiveCfg = Release|x64
		{76845805-1C79-4879-968E-66D8EAEFC709}.Release|x64.Build.0 = Release|x64
		{76845805-1C79-4879-968E-66D8EAEFC709}.Release|x86.ActiveCfg = Release|Win32
		{76845805-1C79-4879-968E-66D8EAEFC709}.Release|x86.Build.0 = Release|Win32
		{F954480E-F59D-4204-8BD1-AD59B07E2258}.Debug|x64.ActiveCfg = Debug|x64
		{F954480E-F59D-4204-8BD1-AD59B07E2258}.Debug|x64.Build.0 = Debug|x64
		{F954480E-F59D-4204-8BD1-AD59B07E2258}.Debug|x86.ActiveCfg = Debug|Win32
		{F954480E-F59D-4204-8BD1-AD59B07E2258}.Debug|x86.Build.0 = Debug|Win32
		{F954480E-F59D-4204-8BD1-AD59B07E2258}.Release|x64.ActiveCfg = Release|x64
		{F954480E-F59D-4204-8BD1-AD59B07E2258}.Release|x64.Build.0 = Release|x64
		{F954480E-F59D-4204-8BD1-AD59B07E2258}.Release|x86.ActiveCfg = Release|Win32
		{F954480E-F59D-4204-8BD1-AD59B07E2258}.Release|x86.Build.0 = Release|Win32
		{284088DF-7579-40B0-B3C6-9957726D9432}.Debug|x64.ActiveCfg = Debug|x64
		{284088DF-7579-40B0-B3C6-9957726D9432}.Debug|x64.Build.0 = Debug|x64
		{284088DF-7579-40B0-B3C6-9957726D9432}.Debug|x86.ActiveCfg = Debug|Win32
		{284088DF-7579-40B0-B3C6-9957726D9432}.Debug|x86.Build.0 = Debug|Win32
		{284088DF-7579-40B0-B3C6-9957726D9432}.Release|x64.ActiveCfg = Release|x64
		{284088DF-7579-40B0-B3C6-9957726D9432}.Release|x64.Build.0 = Release|x64
		{284088DF-7579-40B0-B3C6-9957726D9432}.Release|x86.ActiveCfg = Release|Win32
		{284088DF-7579-40B0-B3C6-9957726D9432}.Release|x86.Build.0 = Release|Win32
		{8E6D05D6-3178-49A6-8450-DBE7C9737EDF}.Debug|x64.ActiveCfg = Debug|x64
		{8E6D05D6-3178-49A6-8450-DBE7C9737EDF}.Debug|x64.Build.0 = Debug|x64
		{8E6D05D6-3178-49A6-8450-DBE7C9737EDF}.Debug|x86.ActiveCfg = Debug|Win32
		{8E6D05D6-3178-49A6-8450-DBE7C9737EDF}.Debug|x86.Build.0 = Debug|Win32
		{8E6D05D6-3178-49A6-8450-DBE7C9737EDF}.Release|x64.ActiveCfg = Release|x64
		{8E6D05D6-3178-49A6-8450-DBE7C9737EDF}.Release|x64.Build.0 = Release|x64
		{8E6D05D6-3178-49A6-8450-DBE7C9737EDF}.Release|x86.ActiveCfg = Release|Win32
		{8E6D05D6-3178-49A6-8450-DBE7C9737EDF}.Release|x86.Build.0 = Release|Win32
	EndGlobalSection
	GlobalSection(SolutionProperties) = preSolution
		HideSolutionNode = FALSE
	EndGlobalSection
	GlobalSection(ExtensibilityGlobals) = postSolution
		SolutionGuid = {07A93074-2FE6-4996-A5AA-53F6CB6DFAFE}
	EndGlobalSection
EndGlobal
